
Microsoft Visual Studio Solution File, Format Version 12.00
# Visual Studio Version 16
VisualStudioVersion = 16.0.32510.428
MinimumVisualStudioVersion = 10.0.40219.1
Project("{FAE04EC0-301F-11D3-BF4B-00C04F79EFBC}") = "NumberToText", "NumberToText\NumberToText.csproj", "{D380DF3A-4910-4510-8373-1E60575144F3}"
EndProject
Global
	GlobalSection(SolutionConfigurationPlatforms) = preSolution
		Debug|Any CPU = Debug|Any CPU
		Release|Any CPU = Release|Any CPU
	EndGlobalSection
	GlobalSection(ProjectConfigurationPlatforms) = postSolution
		{D380DF3A-4910-4510-8373-1E60575144F3}.Debug|Any CPU.ActiveCfg = Debug|Any CPU
		{D380DF3A-4910-4510-8373-1E60575144F3}.Debug|Any CPU.Build.0 = Debug|Any CPU
		{D380DF3A-4910-4510-8373-1E60575144F3}.Release|Any CPU.ActiveCfg = Release|Any CPU
		{D380DF3A-4910-4510-8373-1E60575144F3}.Release|Any CPU.Build.0 = Release|Any CPU
	EndGlobalSection
	GlobalSection(SolutionProperties) = preSolution
		HideSolutionNode = FALSE
	EndGlobalSection
	GlobalSection(ExtensibilityGlobals) = postSolution
		SolutionGuid = {14A3DE3A-7AEC-46E7-A833-2A80C99BF60C}
	EndGlobalSection
EndGlobal
